// !$*UTF8*$!
{
	archiveVersion = 1;
	classes = {
	};
	objectVersion = 90;
	objects = {

/* Begin PBXBuildFile section */
		C5F5DD8E2EAE871000D17DBC /* Lottie in Frameworks */ = {isa = PBXBuildFile; productRef = C5F5DD8D2EAE871000D17DBC /* Lottie */; };
		C5F5DE7D2EAF553900D17DBC /* MMLanScan in Frameworks */ = {isa = PBXBuildFile; productRef = C5F5DE7C2EAF553900D17DBC /* MMLanScan */; };
		C5F5DF032EB02EE800D17DBC /* NetworkScannerP.app in Sources */ = {isa = PBXBuildFile; fileRef = C5F5DD452EAE5F4000D17DBC /* NetworkScannerP.app */; };
/* End PBXBuildFile section */

/* Begin PBXFileReference section */
		C5F5DD452EAE5F4000D17DBC /* NetworkScannerP.app */ = {isa = PBXFileReference; explicitFileType = wrapper.application; includeInIndex = 0; path = NetworkScannerP.app; sourceTree = BUILT_PRODUCTS_DIR; };
/* End PBXFileReference section */

/* Begin PBXFileSystemSynchronizedBuildFileExceptionSet section */
		C5F5DD682EAE6D4500D17DBC /* Exceptions for "NetworkScanner" folder in "NetworkScannerP" target */ = {
			isa = PBXFileSystemSynchronizedBuildFileExceptionSet;
			membershipExceptions = (
				Info.plist,
				"Models/CoreData/Device+CoreDataClass.swift",
				"Models/CoreData/Device+CoreDataProperties.swift",
				"Models/CoreData/ScanSession+CoreDataClass.swift",
				"Models/CoreData/ScanSession+CoreDataProperties.swift",
			);
			target = C5F5DD442EAE5F4000D17DBC /* NetworkScannerP */;
		};
/* End PBXFileSystemSynchronizedBuildFileExceptionSet section */

/* Begin PBXFileSystemSynchronizedRootGroup section */
		C5F5DD472EAE5F4000D17DBC /* NetworkScanner */ = {
			isa = PBXFileSystemSynchronizedRootGroup;
			exceptions = (
				C5F5DD682EAE6D4500D17DBC /* Exceptions for "NetworkScanner" folder in "NetworkScannerP" target */,
			);
			path = NetworkScanner;
			sourceTree = "<group>";
		};
/* End PBXFileSystemSynchronizedRootGroup section */

/* Begin PBXFrameworksBuildPhase section */
		C5F5DD422EAE5F4000D17DBC /* Frameworks */ = {
			isa = PBXFrameworksBuildPhase;
			files = (
				C5F5DD8E2EAE871000D17DBC /* Lottie in Frameworks */,
				C5F5DE7D2EAF553900D17DBC /* MMLanScan in Frameworks */,
			);
		};
/* End PBXFrameworksBuildPhase section */

/* Begin PBXGroup section */
		C5F5DD3C2EAE5F4000D17DBC = {
			isa = PBXGroup;
			children = (
				C5F5DD472EAE5F4000D17DBC /* NetworkScanner */,
				C5F5DD462EAE5F4000D17DBC /* Products */,
			);
			sourceTree = "<group>";
		};
		C5F5DD462EAE5F4000D17DBC /* Products */ = {
			isa = PBXGroup;
			children = (
				C5F5DD452EAE5F4000D17DBC /* NetworkScannerP.app */,
			);
			name = Products;
			sourceTree = "<group>";
		};
/* End PBXGroup section */

/* Begin PBXNativeTarget section */
		C5F5DD442EAE5F4000D17DBC /* NetworkScannerP */ = {
			isa = PBXNativeTarget;
			buildConfigurationList = C5F5DD502EAE5F4200D17DBC /* Build configuration list for PBXNativeTarget "NetworkScannerP" */;
			buildPhases = (
				C5F5DD412EAE5F4000D17DBC /* Sources */,
				C5F5DD422EAE5F4000D17DBC /* Frameworks */,
				C5F5DD432EAE5F4000D17DBC /* Resources */,
			);
			buildRules = (
			);
			dependencies = (
				C5F5DD8C2EAE851B00D17DBC /* PBXTargetDependency */,
			);
			fileSystemSynchronizedGroups = (
				C5F5DD472EAE5F4000D17DBC /* NetworkScanner */,
			);
			name = NetworkScannerP;
			packageProductDependencies = (
				C5F5DD8D2EAE871000D17DBC /* Lottie */,
				C5F5DE7C2EAF553900D17DBC /* MMLanScan */,
			);
			productName = BlotoothLanNetwork;
			productReference = C5F5DD452EAE5F4000D17DBC /* NetworkScannerP.app */;
			productType = "com.apple.product-type.application";
		};
/* End PBXNativeTarget section */

/* Begin PBXProject section */
		C5F5DD3D2EAE5F4000D17DBC /* Project object */ = {
			isa = PBXProject;
			attributes = {
				BuildIndependentTargetsInParallel = 1;
				LastSwiftUpdateCheck = 2600;
				LastUpgradeCheck = 2600;
				TargetAttributes = {
					C5F5DD442EAE5F4000D17DBC = {
						CreatedOnToolsVersion = 26.0.1;
					};
				};
			};
			buildConfigurationList = C5F5DD402EAE5F4000D17DBC /* Build configuration list for PBXProject "NetworkScannerP" */;
			developmentRegion = en;
			hasScannedForEncodings = 0;
			knownRegions = (
				en,
				Base,
			);
			mainGroup = C5F5DD3C2EAE5F4000D17DBC;
			minimizedProjectReferenceProxies = 1;
			packageReferences = (
				C5F5DD6E2EAE818900D17DBC /* XCRemoteSwiftPackageReference "lottie-spm" */,
				C5F5DE522EAF549000D17DBC /* XCRemoteSwiftPackageReference "MMLanScan" */,
			);
			preferredProjectObjectVersion = 90;
			productRefGroup = C5F5DD462EAE5F4000D17DBC /* Products */;
			projectDirPath = "";
			projectRoot = "";
			targets = (
				C5F5DD442EAE5F4000D17DBC /* NetworkScannerP */,
			);
		};
/* End PBXProject section */

/* Begin PBXResourcesBuildPhase section */
		C5F5DD432EAE5F4000D17DBC /* Resources */ = {
			isa = PBXResourcesBuildPhase;
			files = (
			);
		};
/* End PBXResourcesBuildPhase section */

/* Begin PBXSourcesBuildPhase section */
		C5F5DD412EAE5F4000D17DBC /* Sources */ = {
			isa = PBXSourcesBuildPhase;
			files = (
				C5F5DF032EB02EE800D17DBC /* NetworkScannerP.app in Sources */,
			);
		};
/* End PBXSourcesBuildPhase section */

/* Begin PBXTargetDependency section */
		C5F5DD8C2EAE851B00D17DBC /* PBXTargetDependency */ = {
			isa = PBXTargetDependency;
			productRef = C5F5DD8B2EAE851B00D17DBC /* Lottie */;
		};
/* End PBXTargetDependency section */

/* Begin XCBuildConfiguration section */
		C5F5DD4E2EAE5F4200D17DBC /* Debug configuration for PBXProject "NetworkScannerP" */ = {
			isa = XCBuildConfiguration;
			buildSettings = {
				ALWAYS_SEARCH_USER_PATHS = NO;
				ASSETCATALOG_COMPILER_GENERATE_SWIFT_ASSET_SYMBOL_EXTENSIONS = YES;
				CLANG_ANALYZER_NONNULL = YES;
				CLANG_ANALYZER_NUMBER_OBJECT_CONVERSION = YES_AGGRESSIVE;
				CLANG_CXX_LANGUAGE_STANDARD = "gnu++20";
				CLANG_ENABLE_MODULES = YES;
				CLANG_ENABLE_OBJC_ARC = YES;
				CLANG_ENABLE_OBJC_WEAK = YES;
				CLANG_WARN_BLOCK_CAPTURE_AUTORELEASING = YES;
				CLANG_WARN_BOOL_CONVERSION = YES;
				CLANG_WARN_COMMA = YES;
				CLANG_WARN_CONSTANT_CONVERSION = YES;
				CLANG_WARN_DEPRECATED_OBJC_IMPLEMENTATIONS = YES;
				CLANG_WARN_DIRECT_OBJC_ISA_USAGE = YES_ERROR;
				CLANG_WARN_DOCUMENTATION_COMMENTS = YES;
				CLANG_WARN_EMPTY_BODY = YES;
				CLANG_WARN_ENUM_CONVERSION = YES;
				CLANG_WARN_INFINITE_RECURSION = YES;
				CLANG_WARN_INT_CONVERSION = YES;
				CLANG_WARN_NON_LITERAL_NULL_CONVERSION = YES;
				CLANG_WARN_OBJC_IMPLICIT_RETAIN_SELF = YES;
				CLANG_WARN_OBJC_LITERAL_CONVERSION = YES;
				CLANG_WARN_OBJC_ROOT_CLASS = YES_ERROR;
				CLANG_WARN_QUOTED_INCLUDE_IN_FRAMEWORK_HEADER = YES;
				CLANG_WARN_RANGE_LOOP_ANALYSIS = YES;
				CLANG_WARN_STRICT_PROTOTYPES = YES;
				CLANG_WARN_SUSPICIOUS_MOVE = YES;
				CLANG_WARN_UNGUARDED_AVAILABILITY = YES_AGGRESSIVE;
				CLANG_WARN_UNREACHABLE_CODE = YES;
				CLANG_WARN__DUPLICATE_METHOD_MATCH = YES;
				COPY_PHASE_STRIP = NO;
				DEBUG_INFORMATION_FORMAT = dwarf;
				ENABLE_STRICT_OBJC_MSGSEND = YES;
				ENABLE_TESTABILITY = YES;
				ENABLE_USER_SCRIPT_SANDBOXING = YES;
				GCC_C_LANGUAGE_STANDARD = gnu17;
				GCC_DYNAMIC_NO_PIC = NO;
				GCC_NO_COMMON_BLOCKS = YES;
				GCC_OPTIMIZATION_LEVEL = 0;
				GCC_PREPROCESSOR_DEFINITIONS = (
					"DEBUG=1",
					"$(inherited)",
				);
				GCC_WARN_64_TO_32_BIT_CONVERSION = YES;
				GCC_WARN_ABOUT_RETURN_TYPE = YES_ERROR;
				GCC_WARN_UNDECLARED_SELECTOR = YES;
				GCC_WARN_UNINITIALIZED_AUTOS = YES_AGGRESSIVE;
				GCC_WARN_UNUSED_FUNCTION = YES;
				GCC_WARN_UNUSED_VARIABLE = YES;
				IPHONEOS_DEPLOYMENT_TARGET = 26.0;
				LOCALIZATION_PREFERS_STRING_CATALOGS = YES;
				MTL_ENABLE_DEBUG_INFO = INCLUDE_SOURCE;
				MTL_FAST_MATH = YES;
				ONLY_ACTIVE_ARCH = YES;
				SDKROOT = iphoneos;
				SWIFT_ACTIVE_COMPILATION_CONDITIONS = "DEBUG $(inherited)";
				SWIFT_OPTIMIZATION_LEVEL = "-Onone";
			};
			name = Debug;
		};
		C5F5DD4F2EAE5F4200D17DBC /* Release configuration for PBXProject "NetworkScannerP" */ = {
			isa = XCBuildConfiguration;
			buildSettings = {
				ALWAYS_SEARCH_USER_PATHS = NO;
				ASSETCATALOG_COMPILER_GENERATE_SWIFT_ASSET_SYMBOL_EXTENSIONS = YES;
				CLANG_ANALYZER_NONNULL = YES;
				CLANG_ANALYZER_NUMBER_OBJECT_CONVERSION = YES_AGGRESSIVE;
				CLANG_CXX_LANGUAGE_STANDARD = "gnu++20";
				CLANG_ENABLE_MODULES = YES;
				CLANG_ENABLE_OBJC_ARC = YES;
				CLANG_ENABLE_OBJC_WEAK = YES;
				CLANG_WARN_BLOCK_CAPTURE_AUTORELEASING = YES;
				CLANG_WARN_BOOL_CONVERSION = YES;
				CLANG_WARN_COMMA = YES;
				CLANG_WARN_CONSTANT_CONVERSION = YES;
				CLANG_WARN_DEPRECATED_OBJC_IMPLEMENTATIONS = YES;
				CLANG_WARN_DIRECT_OBJC_ISA_USAGE = YES_ERROR;
				CLANG_WARN_DOCUMENTATION_COMMENTS = YES;
				CLANG_WARN_EMPTY_BODY = YES;
				CLANG_WARN_ENUM_CONVERSION = YES;
				CLANG_WARN_INFINITE_RECURSION = YES;
				CLANG_WARN_INT_CONVERSION = YES;
				CLANG_WARN_NON_LITERAL_NULL_CONVERSION = YES;
				CLANG_WARN_OBJC_IMPLICIT_RETAIN_SELF = YES;
				CLANG_WARN_OBJC_LITERAL_CONVERSION = YES;
				CLANG_WARN_OBJC_ROOT_CLASS = YES_ERROR;
				CLANG_WARN_QUOTED_INCLUDE_IN_FRAMEWORK_HEADER = YES;
				CLANG_WARN_RANGE_LOOP_ANALYSIS = YES;
				CLANG_WARN_STRICT_PROTOTYPES = YES;
				CLANG_WARN_SUSPICIOUS_MOVE = YES;
				CLANG_WARN_UNGUARDED_AVAILABILITY = YES_AGGRESSIVE;
				CLANG_WARN_UNREACHABLE_CODE = YES;
				CLANG_WARN__DUPLICATE_METHOD_MATCH = YES;
				COPY_PHASE_STRIP = NO;
				DEBUG_INFORMATION_FORMAT = "dwarf-with-dsym";
				ENABLE_NS_ASSERTIONS = NO;
				ENABLE_STRICT_OBJC_MSGSEND = YES;
				ENABLE_USER_SCRIPT_SANDBOXING = YES;
				GCC_C_LANGUAGE_STANDARD = gnu17;
				GCC_NO_COMMON_BLOCKS = YES;
				GCC_WARN_64_TO_32_BIT_CONVERSION = YES;
				GCC_WARN_ABOUT_RETURN_TYPE = YES_ERROR;
				GCC_WARN_UNDECLARED_SELECTOR = YES;
				GCC_WARN_UNINITIALIZED_AUTOS = YES_AGGRESSIVE;
				GCC_WARN_UNUSED_FUNCTION = YES;
				GCC_WARN_UNUSED_VARIABLE = YES;
				IPHONEOS_DEPLOYMENT_TARGET = 26.0;
				LOCALIZATION_PREFERS_STRING_CATALOGS = YES;
				MTL_ENABLE_DEBUG_INFO = NO;
				MTL_FAST_MATH = YES;
				SDKROOT = iphoneos;
				SWIFT_COMPILATION_MODE = wholemodule;
				VALIDATE_PRODUCT = YES;
			};
			name = Release;
		};
		C5F5DD512EAE5F4200D17DBC /* Debug configuration for PBXNativeTarget "NetworkScannerP" */ = {
			isa = XCBuildConfiguration;
			buildSettings = {
				ASSETCATALOG_COMPILER_APPICON_NAME = AppIcon;
				ASSETCATALOG_COMPILER_GLOBAL_ACCENT_COLOR_NAME = AccentColor;
				CODE_SIGN_STYLE = Automatic;
				CURRENT_PROJECT_VERSION = 1;
				DEVELOPMENT_TEAM = PS354VCTKY;
				ENABLE_PREVIEWS = YES;
				GENERATE_INFOPLIST_FILE = YES;
				INFOPLIST_FILE = NetworkScanner/Info.plist;
				INFOPLIST_KEY_NSBluetoothAlwaysUsageDescription = "";
				INFOPLIST_KEY_NSLocalNetworkUsageDescription = "";
				INFOPLIST_KEY_UIApplicationSceneManifest_Generation = YES;
				INFOPLIST_KEY_UIApplicationSupportsIndirectInputEvents = YES;
				INFOPLIST_KEY_UILaunchScreen_Generation = YES;
				INFOPLIST_KEY_UISupportedInterfaceOrientations_iPad = "UIInterfaceOrientationPortrait UIInterfaceOrientationPortraitUpsideDown UIInterfaceOrientationLandscapeLeft UIInterfaceOrientationLandscapeRight";
				INFOPLIST_KEY_UISupportedInterfaceOrientations_iPhone = "UIInterfaceOrientationPortrait UIInterfaceOrientationLandscapeLeft UIInterfaceOrientationLandscapeRight";
				IPHONEOS_DEPLOYMENT_TARGET = 17.6;
				LD_RUNPATH_SEARCH_PATHS = (
					"$(inherited)",
					"@executable_path/Frameworks",
				);
				MARKETING_VERSION = 1.0;
				PRODUCT_BUNDLE_IDENTIFIER = com.marwa.BlotoothLanNetwork;
				PRODUCT_NAME = "$(TARGET_NAME)";
				STRING_CATALOG_GENERATE_SYMBOLS = YES;
				SWIFT_APPROACHABLE_CONCURRENCY = YES;
				SWIFT_DEFAULT_ACTOR_ISOLATION = MainActor;
				SWIFT_EMIT_LOC_STRINGS = YES;
				SWIFT_UPCOMING_FEATURE_MEMBER_IMPORT_VISIBILITY = YES;
				SWIFT_VERSION = 5.0;
				TARGETED_DEVICE_FAMILY = "1,2";
			};
			name = Debug;
		};
		C5F5DD522EAE5F4200D17DBC /* Release configuration for PBXNativeTarget "NetworkScannerP" */ = {
			isa = XCBuildConfiguration;
			buildSettings = {
				ASSETCATALOG_COMPILER_APPICON_NAME = AppIcon;
				ASSETCATALOG_COMPILER_GLOBAL_ACCENT_COLOR_NAME = AccentColor;
				CODE_SIGN_STYLE = Automatic;
				CURRENT_PROJECT_VERSION = 1;
				DEVELOPMENT_TEAM = PS354VCTKY;
				ENABLE_PREVIEWS = YES;
				GENERATE_INFOPLIST_FILE = YES;
				INFOPLIST_FILE = NetworkScanner/Info.plist;
				INFOPLIST_KEY_NSBluetoothAlwaysUsageDescription = "";
				INFOPLIST_KEY_NSLocalNetworkUsageDescription = "";
				INFOPLIST_KEY_UIApplicationSceneManifest_Generation = YES;
				INFOPLIST_KEY_UIApplicationSupportsIndirectInputEvents = YES;
				INFOPLIST_KEY_UILaunchScreen_Generation = YES;
				INFOPLIST_KEY_UISupportedInterfaceOrientations_iPad = "UIInterfaceOrientationPortrait UIInterfaceOrientationPortraitUpsideDown UIInterfaceOrientationLandscapeLeft UIInterfaceOrientationLandscapeRight";
				INFOPLIST_KEY_UISupportedInterfaceOrientations_iPhone = "UIInterfaceOrientationPortrait UIInterfaceOrientationLandscapeLeft UIInterfaceOrientationLandscapeRight";
				IPHONEOS_DEPLOYMENT_TARGET = 17.6;
				LD_RUNPATH_SEARCH_PATHS = (
					"$(inherited)",
					"@executable_path/Frameworks",
				);
				MARKETING_VERSION = 1.0;
				PRODUCT_BUNDLE_IDENTIFIER = com.marwa.BlotoothLanNetwork;
				PRODUCT_NAME = "$(TARGET_NAME)";
				STRING_CATALOG_GENERATE_SYMBOLS = YES;
				SWIFT_APPROACHABLE_CONCURRENCY = YES;
				SWIFT_DEFAULT_ACTOR_ISOLATION = MainActor;
				SWIFT_EMIT_LOC_STRINGS = YES;
				SWIFT_UPCOMING_FEATURE_MEMBER_IMPORT_VISIBILITY = YES;
				SWIFT_VERSION = 5.0;
				TARGETED_DEVICE_FAMILY = "1,2";
			};
			name = Release;
		};
/* End XCBuildConfiguration section */

/* Begin XCConfigurationList section */
		C5F5DD402EAE5F4000D17DBC /* Build configuration list for PBXProject "NetworkScannerP" */ = {
			isa = XCConfigurationList;
			buildConfigurations = (
				C5F5DD4E2EAE5F4200D17DBC /* Debug configuration for PBXProject "NetworkScannerP" */,
				C5F5DD4F2EAE5F4200D17DBC /* Release configuration for PBXProject "NetworkScannerP" */,
			);
			defaultConfigurationName = Release;
		};
		C5F5DD502EAE5F4200D17DBC /* Build configuration list for PBXNativeTarget "NetworkScannerP" */ = {
			isa = XCConfigurationList;
			buildConfigurations = (
				C5F5DD512EAE5F4200D17DBC /* Debug configuration for PBXNativeTarget "NetworkScannerP" */,
				C5F5DD522EAE5F4200D17DBC /* Release configuration for PBXNativeTarget "NetworkScannerP" */,
			);
			defaultConfigurationName = Release;
		};
/* End XCConfigurationList section */

/* Begin XCRemoteSwiftPackageReference section */
		C5F5DD6E2EAE818900D17DBC /* XCRemoteSwiftPackageReference "lottie-spm" */ = {
			isa = XCRemoteSwiftPackageReference;
			repositoryURL = "https://github.com/airbnb/lottie-spm";
			requirement = {
				kind = upToNextMajorVersion;
				minimumVersion = 4.5.2;
			};
		};
		C5F5DE522EAF549000D17DBC /* XCRemoteSwiftPackageReference "MMLanScan" */ = {
			isa = XCRemoteSwiftPackageReference;
			repositoryURL = "https://github.com/b5i/MMLanScan";
			requirement = {
				kind = upToNextMajorVersion;
				minimumVersion = 4.0.0;
			};
		};
/* End XCRemoteSwiftPackageReference section */

/* Begin XCSwiftPackageProductDependency section */
		C5F5DD8B2EAE851B00D17DBC /* Lottie */ = {
			isa = XCSwiftPackageProductDependency;
			package = C5F5DD6E2EAE818900D17DBC /* XCRemoteSwiftPackageReference "lottie-spm" */;
			productName = Lottie;
		};
		C5F5DD8D2EAE871000D17DBC /* Lottie */ = {
			isa = XCSwiftPackageProductDependency;
			package = C5F5DD6E2EAE818900D17DBC /* XCRemoteSwiftPackageReference "lottie-spm" */;
			productName = Lottie;
		};
		C5F5DE7C2EAF553900D17DBC /* MMLanScan */ = {
			isa = XCSwiftPackageProductDependency;
			package = C5F5DE522EAF549000D17DBC /* XCRemoteSwiftPackageReference "MMLanScan" */;
			productName = MMLanScan;
		};
/* End XCSwiftPackageProductDependency section */
	};
	rootObject = C5F5DD3D2EAE5F4000D17DBC /* Project object */;
}
